
Microsoft Visual Studio Solution File, Format Version 12.00
# Visual Studio Version 17
VisualStudioVersion = 17.1.32328.378
MinimumVisualStudioVersion = 10.0.40219.1
Project("{FAE04EC0-301F-11D3-BF4B-00C04F79EFBC}") = "CsClass", "CsClass\CsClass.csproj", "{9CF12953-A9A8-42BD-8E18-00D476103086}"
EndProject
Global
	GlobalSection(SolutionConfigurationPlatforms) = preSolution
		Debug|Any CPU = Debug|Any CPU
		Release|Any CPU = Release|Any CPU
	EndGlobalSection
	GlobalSection(ProjectConfigurationPlatforms) = postSolution
		{9CF12953-A9A8-42BD-8E18-00D476103086}.Debug|Any CPU.ActiveCfg = Debug|Any CPU
		{9CF12953-A9A8-42BD-8E18-00D476103086}.Debug|Any CPU.Build.0 = Debug|Any CPU
		{9CF12953-A9A8-42BD-8E18-00D476103086}.Release|Any CPU.ActiveCfg = Release|Any CPU
		{9CF12953-A9A8-42BD-8E18-00D476103086}.Release|Any CPU.Build.0 = Release|Any CPU
	EndGlobalSection
	GlobalSection(SolutionProperties) = preSolution
		HideSolutionNode = FALSE
	EndGlobalSection
	GlobalSection(ExtensibilityGlobals) = postSolution
		SolutionGuid = {3F962514-E88E-49AA-AC2A-73241A1DCE88}
	EndGlobalSection
EndGlobal
